
Microsoft Visual Studio Solution File, Format Version 12.00
# Visual Studio Version 16
VisualStudioVersion = 16.0.29324.140
MinimumVisualStudioVersion = 10.0.40219.1
Project("{2150E333-8FDC-42A3-9474-1A3956D46DE8}") = "Services", "Services", "{2487A00F-A432-4227-BA3A-915967A6A0AA}"
EndProject
Project("{2150E333-8FDC-42A3-9474-1A3956D46DE8}") = "Libraries", "Libraries", "{3E35AD0C-0B33-4D7C-A868-0257619672D7}"
EndProject
Project("{9A19103F-16F7-4668-BE54-9A1E7A4F7556}") = "XurClassLibrary", "Libraries\XurClassLibrary\XurClassLibrary.csproj", "{792FBF6A-F35D-4F69-B83D-FA407050C9BE}"
EndProject
Project("{9A19103F-16F7-4668-BE54-9A1E7A4F7556}") = "XurBlitzer", "Services\XurBlitzer\XurBlitzer.csproj", "{639E8B84-9F00-4163-AADE-28108058FC76}"
EndProject
Project("{9A19103F-16F7-4668-BE54-9A1E7A4F7556}") = "XurNightfaller", "Services\XurNightfaller\XurNightfaller.csproj", "{698E46AF-65A6-40CD-85CE-6EF7A48E1BBA}"
EndProject
Project("{9A19103F-16F7-4668-BE54-9A1E7A4F7556}") = "XurQuester", "Services\XurQuester\XurQuester.csproj", "{47D65666-17F7-4850-9A7C-CE36D0FC926A}"
EndProject
Project("{9A19103F-16F7-4668-BE54-9A1E7A4F7556}") = "XurCollector", "Services\XurCollector\XurCollector.csproj", "{75655A6A-ED7F-4B63-80AF-CA0DC18F9FFF}"
EndProject
Project("{9A19103F-16F7-4668-BE54-9A1E7A4F7556}") = "XurGateway", "Services\XurGateway\XurGateway.csproj", "{816DAAB4-86A5-4622-A098-8B6AB85320A6}"
EndProject
Project("{9A19103F-16F7-4668-BE54-9A1E7A4F7556}") = "MadReflection.BungieNetApi.Client", "Libraries\MadReflection.BungieApi\MadReflection.BungieNetApi.Client\MadReflection.BungieNetApi.Client.csproj", "{A4CA9099-93E5-4DDB-9463-1960EA4C0796}"
EndProject
Project("{9A19103F-16F7-4668-BE54-9A1E7A4F7556}") = "MadReflection.BungieNetApi.Entities", "Libraries\MadReflection.BungieApi\MadReflection.BungieNetApi.Entities\MadReflection.BungieNetApi.Entities.csproj", "{681F6A4F-E7FF-4407-AA3F-3E3F571C45DD}"
EndProject
Global
	GlobalSection(SolutionConfigurationPlatforms) = preSolution
		Debug|Any CPU = Debug|Any CPU
		Release|Any CPU = Release|Any CPU
	EndGlobalSection
	GlobalSection(ProjectConfigurationPlatforms) = postSolution
		{792FBF6A-F35D-4F69-B83D-FA407050C9BE}.Debug|Any CPU.ActiveCfg = Debug|Any CPU
		{792FBF6A-F35D-4F69-B83D-FA407050C9BE}.Debug|Any CPU.Build.0 = Debug|Any CPU
		{792FBF6A-F35D-4F69-B83D-FA407050C9BE}.Release|Any CPU.ActiveCfg = Release|Any CPU
		{792FBF6A-F35D-4F69-B83D-FA407050C9BE}.Release|Any CPU.Build.0 = Release|Any CPU
		{639E8B84-9F00-4163-AADE-28108058FC76}.Debug|Any CPU.ActiveCfg = Debug|Any CPU
		{639E8B84-9F00-4163-AADE-28108058FC76}.Debug|Any CPU.Build.0 = Debug|Any CPU
		{639E8B84-9F00-4163-AADE-28108058FC76}.Release|Any CPU.ActiveCfg = Release|Any CPU
		{639E8B84-9F00-4163-AADE-28108058FC76}.Release|Any CPU.Build.0 = Release|Any CPU
		{698E46AF-65A6-40CD-85CE-6EF7A48E1BBA}.Debug|Any CPU.ActiveCfg = Debug|Any CPU
		{698E46AF-65A6-40CD-85CE-6EF7A48E1BBA}.Debug|Any CPU.Build.0 = Debug|Any CPU
		{698E46AF-65A6-40CD-85CE-6EF7A48E1BBA}.Release|Any CPU.ActiveCfg = Release|Any CPU
		{698E46AF-65A6-40CD-85CE-6EF7A48E1BBA}.Release|Any CPU.Build.0 = Release|Any CPU
		{47D65666-17F7-4850-9A7C-CE36D0FC926A}.Debug|Any CPU.ActiveCfg = Debug|Any CPU
		{47D65666-17F7-4850-9A7C-CE36D0FC926A}.Debug|Any CPU.Build.0 = Debug|Any CPU
		{47D65666-17F7-4850-9A7C-CE36D0FC926A}.Release|Any CPU.ActiveCfg = Release|Any CPU
		{47D65666-17F7-4850-9A7C-CE36D0FC926A}.Release|Any CPU.Build.0 = Release|Any CPU
		{75655A6A-ED7F-4B63-80AF-CA0DC18F9FFF}.Debug|Any CPU.ActiveCfg = Debug|Any CPU
		{75655A6A-ED7F-4B63-80AF-CA0DC18F9FFF}.Debug|Any CPU.Build.0 = Debug|Any CPU
		{75655A6A-ED7F-4B63-80AF-CA0DC18F9FFF}.Release|Any CPU.ActiveCfg = Release|Any CPU
		{75655A6A-ED7F-4B63-80AF-CA0DC18F9FFF}.Release|Any CPU.Build.0 = Release|Any CPU
		{816DAAB4-86A5-4622-A098-8B6AB85320A6}.Debug|Any CPU.ActiveCfg = Debug|Any CPU
		{816DAAB4-86A5-4622-A098-8B6AB85320A6}.Debug|Any CPU.Build.0 = Debug|Any CPU
		{816DAAB4-86A5-4622-A098-8B6AB85320A6}.Release|Any CPU.ActiveCfg = Release|Any CPU
		{816DAAB4-86A5-4622-A098-8B6AB85320A6}.Release|Any CPU.Build.0 = Release|Any CPU
		{A4CA9099-93E5-4DDB-9463-1960EA4C0796}.Debug|Any CPU.ActiveCfg = Debug|Any CPU
		{A4CA9099-93E5-4DDB-9463-1960EA4C0796}.Debug|Any CPU.Build.0 = Debug|Any CPU
		{A4CA9099-93E5-4DDB-9463-1960EA4C0796}.Release|Any CPU.ActiveCfg = Release|Any CPU
		{A4CA9099-93E5-4DDB-9463-1960EA4C0796}.Release|Any CPU.Build.0 = Release|Any CPU
		{681F6A4F-E7FF-4407-AA3F-3E3F571C45DD}.Debug|Any CPU.ActiveCfg = Debug|Any CPU
		{681F6A4F-E7FF-4407-AA3F-3E3F571C45DD}.Debug|Any CPU.Build.0 = Debug|Any CPU
		{681F6A4F-E7FF-4407-AA3F-3E3F571C45DD}.Release|Any CPU.ActiveCfg = Release|Any CPU
		{681F6A4F-E7FF-4407-AA3F-3E3F571C45DD}.Release|Any CPU.Build.0 = Release|Any CPU
	EndGlobalSection
	GlobalSection(SolutionProperties) = preSolution
		HideSolutionNode = FALSE
	EndGlobalSection
	GlobalSection(NestedProjects) = preSolution
		{792FBF6A-F35D-4F69-B83D-FA407050C9BE} = {3E35AD0C-0B33-4D7C-A868-0257619672D7}
		{639E8B84-9F00-4163-AADE-28108058FC76} = {2487A00F-A432-4227-BA3A-915967A6A0AA}
		{698E46AF-65A6-40CD-85CE-6EF7A48E1BBA} = {2487A00F-A432-4227-BA3A-915967A6A0AA}
		{47D65666-17F7-4850-9A7C-CE36D0FC926A} = {2487A00F-A432-4227-BA3A-915967A6A0AA}
		{75655A6A-ED7F-4B63-80AF-CA0DC18F9FFF} = {2487A00F-A432-4227-BA3A-915967A6A0AA}
		{816DAAB4-86A5-4622-A098-8B6AB85320A6} = {2487A00F-A432-4227-BA3A-915967A6A0AA}
		{A4CA9099-93E5-4DDB-9463-1960EA4C0796} = {3E35AD0C-0B33-4D7C-A868-0257619672D7}
		{681F6A4F-E7FF-4407-AA3F-3E3F571C45DD} = {3E35AD0C-0B33-4D7C-A868-0257619672D7}
	EndGlobalSection
	GlobalSection(ExtensibilityGlobals) = postSolution
		SolutionGuid = {849019B9-5EF5-49A9-B654-BBA14EFC444D}
	EndGlobalSection
EndGlobal
